
Microsoft Visual Studio Solution File, Format Version 12.00
# Visual Studio 15
VisualStudioVersion = 15.0.28307.438
MinimumVisualStudioVersion = 10.0.40219.1
Project("{FAE04EC0-301F-11D3-BF4B-00C04F79EFBC}") = "App1.Android", "App1\App1.Android\App1.Android.csproj", "{ACBCEB06-86E9-44CE-9184-20B248980044}"
EndProject
Project("{FAE04EC0-301F-11D3-BF4B-00C04F79EFBC}") = "App1.iOS", "App1\App1.iOS\App1.iOS.csproj", "{7C7B2A5E-664A-4A87-88BD-26036BF2C0F3}"
EndProject
Project("{FAE04EC0-301F-11D3-BF4B-00C04F79EFBC}") = "App1", "App1\App1\App1.csproj", "{900EE269-15C7-4811-AC83-13024893A07C}"
EndProject
Global
	GlobalSection(SolutionConfigurationPlatforms) = preSolution
		Ad-Hoc|Any CPU = Ad-Hoc|Any CPU
		Ad-Hoc|iPhone = Ad-Hoc|iPhone
		Ad-Hoc|iPhoneSimulator = Ad-Hoc|iPhoneSimulator
		AppStore|Any CPU = AppStore|Any CPU
		AppStore|iPhone = AppStore|iPhone
		AppStore|iPhoneSimulator = AppStore|iPhoneSimulator
		Debug|Any CPU = Debug|Any CPU
		Debug|iPhone = Debug|iPhone
		Debug|iPhoneSimulator = Debug|iPhoneSimulator
		Release|Any CPU = Release|Any CPU
		Release|iPhone = Release|iPhone
		Release|iPhoneSimulator = Release|iPhoneSimulator
	EndGlobalSection
	GlobalSection(ProjectConfigurationPlatforms) = postSolution
		{ACBCEB06-86E9-44CE-9184-20B248980044}.Ad-Hoc|Any CPU.ActiveCfg = Release|Any CPU
		{ACBCEB06-86E9-44CE-9184-20B248980044}.Ad-Hoc|Any CPU.Build.0 = Release|Any CPU
		{ACBCEB06-86E9-44CE-9184-20B248980044}.Ad-Hoc|Any CPU.Deploy.0 = Release|Any CPU
		{ACBCEB06-86E9-44CE-9184-20B248980044}.Ad-Hoc|iPhone.ActiveCfg = Release|Any CPU
		{ACBCEB06-86E9-44CE-9184-20B248980044}.Ad-Hoc|iPhone.Build.0 = Release|Any CPU
		{ACBCEB06-86E9-44CE-9184-20B248980044}.Ad-Hoc|iPhone.Deploy.0 = Release|Any CPU
		{ACBCEB06-86E9-44CE-9184-20B248980044}.Ad-Hoc|iPhoneSimulator.ActiveCfg = Release|Any CPU
		{ACBCEB06-86E9-44CE-9184-20B248980044}.Ad-Hoc|iPhoneSimulator.Build.0 = Release|Any CPU
		{ACBCEB06-86E9-44CE-9184-20B248980044}.Ad-Hoc|iPhoneSimulator.Deploy.0 = Release|Any CPU
		{ACBCEB06-86E9-44CE-9184-20B248980044}.AppStore|Any CPU.ActiveCfg = Release|Any CPU
		{ACBCEB06-86E9-44CE-9184-20B248980044}.AppStore|Any CPU.Build.0 = Release|Any CPU
		{ACBCEB06-86E9-44CE-9184-20B248980044}.AppStore|Any CPU.Deploy.0 = Release|Any CPU
		{ACBCEB06-86E9-44CE-9184-20B248980044}.AppStore|iPhone.ActiveCfg = Release|Any CPU
		{ACBCEB06-86E9-44CE-9184-20B248980044}.AppStore|iPhone.Build.0 = Release|Any CPU
		{ACBCEB06-86E9-44CE-9184-20B248980044}.AppStore|iPhone.Deploy.0 = Release|Any CPU
		{ACBCEB06-86E9-44CE-9184-20B248980044}.AppStore|iPhoneSimulator.ActiveCfg = Release|Any CPU
		{ACBCEB06-86E9-44CE-9184-20B248980044}.AppStore|iPhoneSimulator.Build.0 = Release|Any CPU
		{ACBCEB06-86E9-44CE-9184-20B248980044}.AppStore|iPhoneSimulator.Deploy.0 = Release|Any CPU
		{ACBCEB06-86E9-44CE-9184-20B248980044}.Debug|Any CPU.ActiveCfg = Debug|Any CPU
		{ACBCEB06-86E9-44CE-9184-20B248980044}.Debug|Any CPU.Build.0 = Debug|Any CPU
		{ACBCEB06-86E9-44CE-9184-20B248980044}.Debug|Any CPU.Deploy.0 = Debug|Any CPU
		{ACBCEB06-86E9-44CE-9184-20B248980044}.Debug|iPhone.ActiveCfg = Debug|Any CPU
		{ACBCEB06-86E9-44CE-9184-20B248980044}.Debug|iPhone.Build.0 = Debug|Any CPU
		{ACBCEB06-86E9-44CE-9184-20B248980044}.Debug|iPhone.Deploy.0 = Debug|Any CPU
		{ACBCEB06-86E9-44CE-9184-20B248980044}.Debug|iPhoneSimulator.ActiveCfg = Debug|Any CPU
		{ACBCEB06-86E9-44CE-9184-20B248980044}.Debug|iPhoneSimulator.Build.0 = Debug|Any CPU
		{ACBCEB06-86E9-44CE-9184-20B248980044}.Debug|iPhoneSimulator.Deploy.0 = Debug|Any CPU
		{ACBCEB06-86E9-44CE-9184-20B248980044}.Release|Any CPU.ActiveCfg = Release|Any CPU
		{ACBCEB06-86E9-44CE-9184-20B248980044}.Release|Any CPU.Build.0 = Release|Any CPU
		{ACBCEB06-86E9-44CE-9184-20B248980044}.Release|Any CPU.Deploy.0 = Release|Any CPU
		{ACBCEB06-86E9-44CE-9184-20B248980044}.Release|iPhone.ActiveCfg = Release|Any CPU
		{ACBCEB06-86E9-44CE-9184-20B248980044}.Release|iPhone.Build.0 = Release|Any CPU
		{ACBCEB06-86E9-44CE-9184-20B248980044}.Release|iPhone.Deploy.0 = Release|Any CPU
		{ACBCEB06-86E9-44CE-9184-20B248980044}.Release|iPhoneSimulator.ActiveCfg = Release|Any CPU
		{ACBCEB06-86E9-44CE-9184-20B248980044}.Release|iPhoneSimulator.Build.0 = Release|Any CPU
		{ACBCEB06-86E9-44CE-9184-20B248980044}.Release|iPhoneSimulator.Deploy.0 = Release|Any CPU
		{7C7B2A5E-664A-4A87-88BD-26036BF2C0F3}.Ad-Hoc|Any CPU.ActiveCfg = Ad-Hoc|iPhone
		{7C7B2A5E-664A-4A87-88BD-26036BF2C0F3}.Ad-Hoc|Any CPU.Build.0 = Ad-Hoc|iPhone
		{7C7B2A5E-664A-4A87-88BD-26036BF2C0F3}.Ad-Hoc|Any CPU.Deploy.0 = Ad-Hoc|iPhone
		{7C7B2A5E-664A-4A87-88BD-26036BF2C0F3}.Ad-Hoc|iPhone.ActiveCfg = Ad-Hoc|iPhone
		{7C7B2A5E-664A-4A87-88BD-26036BF2C0F3}.Ad-Hoc|iPhone.Build.0 = Ad-Hoc|iPhone
		{7C7B2A5E-664A-4A87-88BD-26036BF2C0F3}.Ad-Hoc|iPhone.Deploy.0 = Ad-Hoc|iPhone
		{7C7B2A5E-664A-4A87-88BD-26036BF2C0F3}.Ad-Hoc|iPhoneSimulator.ActiveCfg = Ad-Hoc|iPhoneSimulator
		{7C7B2A5E-664A-4A87-88BD-26036BF2C0F3}.Ad-Hoc|iPhoneSimulator.Build.0 = Ad-Hoc|iPhoneSimulator
		{7C7B2A5E-664A-4A87-88BD-26036BF2C0F3}.Ad-Hoc|iPhoneSimulator.Deploy.0 = Ad-Hoc|iPhoneSimulator
		{7C7B2A5E-664A-4A87-88BD-26036BF2C0F3}.AppStore|Any CPU.ActiveCfg = AppStore|iPhone
		{7C7B2A5E-664A-4A87-88BD-26036BF2C0F3}.AppStore|Any CPU.Build.0 = AppStore|iPhone
		{7C7B2A5E-664A-4A87-88BD-26036BF2C0F3}.AppStore|Any CPU.Deploy.0 = AppStore|iPhone
		{7C7B2A5E-664A-4A87-88BD-26036BF2C0F3}.AppStore|iPhone.ActiveCfg = AppStore|iPhone
		{7C7B2A5E-664A-4A87-88BD-26036BF2C0F3}.AppStore|iPhone.Build.0 = AppStore|iPhone
		{7C7B2A5E-664A-4A87-88BD-26036BF2C0F3}.AppStore|iPhone.Deploy.0 = AppStore|iPhone
		{7C7B2A5E-664A-4A87-88BD-26036BF2C0F3}.AppStore|iPhoneSimulator.ActiveCfg = AppStore|iPhoneSimulator
		{7C7B2A5E-664A-4A87-88BD-26036BF2C0F3}.AppStore|iPhoneSimulator.Build.0 = AppStore|iPhoneSimulator
		{7C7B2A5E-664A-4A87-88BD-26036BF2C0F3}.AppStore|iPhoneSimulator.Deploy.0 = AppStore|iPhoneSimulator
		{7C7B2A5E-664A-4A87-88BD-26036BF2C0F3}.Debug|Any CPU.ActiveCfg = Debug|iPhoneSimulator
		{7C7B2A5E-664A-4A87-88BD-26036BF2C0F3}.Debug|Any CPU.Build.0 = Debug|iPhoneSimulator
		{7C7B2A5E-664A-4A87-88BD-26036BF2C0F3}.Debug|Any CPU.Deploy.0 = Debug|iPhoneSimulator
		{7C7B2A5E-664A-4A87-88BD-26036BF2C0F3}.Debug|iPhone.ActiveCfg = Debug|iPhone
		{7C7B2A5E-664A-4A87-88BD-26036BF2C0F3}.Debug|iPhone.Build.0 = Debug|iPhone
		{7C7B2A5E-664A-4A87-88BD-26036BF2C0F3}.Debug|iPhone.Deploy.0 = Debug|iPhone
		{7C7B2A5E-664A-4A87-88BD-26036BF2C0F3}.Debug|iPhoneSimulator.ActiveCfg = Debug|iPhoneSimulator
		{7C7B2A5E-664A-4A87-88BD-26036BF2C0F3}.Debug|iPhoneSimulator.Build.0 = Debug|iPhoneSimulator
		{7C7B2A5E-664A-4A87-88BD-26036BF2C0F3}.Debug|iPhoneSimulator.Deploy.0 = Debug|iPhoneSimulator
		{7C7B2A5E-664A-4A87-88BD-26036BF2C0F3}.Release|Any CPU.ActiveCfg = Release|iPhone
		{7C7B2A5E-664A-4A87-88BD-26036BF2C0F3}.Release|Any CPU.Build.0 = Release|iPhone
		{7C7B2A5E-664A-4A87-88BD-26036BF2C0F3}.Release|Any CPU.Deploy.0 = Release|iPhone
		{7C7B2A5E-664A-4A87-88BD-26036BF2C0F3}.Release|iPhone.ActiveCfg = Release|iPhone
		{7C7B2A5E-664A-4A87-88BD-26036BF2C0F3}.Release|iPhone.Build.0 = Release|iPhone
		{7C7B2A5E-664A-4A87-88BD-26036BF2C0F3}.Release|iPhone.Deploy.0 = Release|iPhone
		{7C7B2A5E-664A-4A87-88BD-26036BF2C0F3}.Release|iPhoneSimulator.ActiveCfg = Release|iPhoneSimulator
		{7C7B2A5E-664A-4A87-88BD-26036BF2C0F3}.Release|iPhoneSimulator.Build.0 = Release|iPhoneSimulator
		{7C7B2A5E-664A-4A87-88BD-26036BF2C0F3}.Release|iPhoneSimulator.Deploy.0 = Release|iPhoneSimulator
		{900EE269-15C7-4811-AC83-13024893A07C}.Ad-Hoc|Any CPU.ActiveCfg = Debug|Any CPU
		{900EE269-15C7-4811-AC83-13024893A07C}.Ad-Hoc|Any CPU.Build.0 = Debug|Any CPU
		{900EE269-15C7-4811-AC83-13024893A07C}.Ad-Hoc|Any CPU.Deploy.0 = Debug|Any CPU
		{900EE269-15C7-4811-AC83-13024893A07C}.Ad-Hoc|iPhone.ActiveCfg = Debug|Any CPU
		{900EE269-15C7-4811-AC83-13024893A07C}.Ad-Hoc|iPhone.Build.0 = Debug|Any CPU
		{900EE269-15C7-4811-AC83-13024893A07C}.Ad-Hoc|iPhone.Deploy.0 = Debug|Any CPU
		{900EE269-15C7-4811-AC83-13024893A07C}.Ad-Hoc|iPhoneSimulator.ActiveCfg = Debug|Any CPU
		{900EE269-15C7-4811-AC83-13024893A07C}.Ad-Hoc|iPhoneSimulator.Build.0 = Debug|Any CPU
		{900EE269-15C7-4811-AC83-13024893A07C}.Ad-Hoc|iPhoneSimulator.Deploy.0 = Debug|Any CPU
		{900EE269-15C7-4811-AC83-13024893A07C}.AppStore|Any CPU.ActiveCfg = Debug|Any CPU
		{900EE269-15C7-4811-AC83-13024893A07C}.AppStore|Any CPU.Build.0 = Debug|Any CPU
		{900EE269-15C7-4811-AC83-13024893A07C}.AppStore|Any CPU.Deploy.0 = Debug|Any CPU
		{900EE269-15C7-4811-AC83-13024893A07C}.AppStore|iPhone.ActiveCfg = Debug|Any CPU
		{900EE269-15C7-4811-AC83-13024893A07C}.AppStore|iPhone.Build.0 = Debug|Any CPU
		{900EE269-15C7-4811-AC83-13024893A07C}.AppStore|iPhone.Deploy.0 = Debug|Any CPU
		{900EE269-15C7-4811-AC83-13024893A07C}.AppStore|iPhoneSimulator.ActiveCfg = Debug|Any CPU
		{900EE269-15C7-4811-AC83-13024893A07C}.AppStore|iPhoneSimulator.Build.0 = Debug|Any CPU
		{900EE269-15C7-4811-AC83-13024893A07C}.AppStore|iPhoneSimulator.Deploy.0 = Debug|Any CPU
		{900EE269-15C7-4811-AC83-13024893A07C}.Debug|Any CPU.ActiveCfg = Debug|Any CPU
		{900EE269-15C7-4811-AC83-13024893A07C}.Debug|Any CPU.Build.0 = Debug|Any CPU
		{900EE269-15C7-4811-AC83-13024893A07C}.Debug|Any CPU.Deploy.0 = Debug|Any CPU
		{900EE269-15C7-4811-AC83-13024893A07C}.Debug|iPhone.ActiveCfg = Debug|Any CPU
		{900EE269-15C7-4811-AC83-13024893A07C}.Debug|iPhone.Build.0 = Debug|Any CPU
		{900EE269-15C7-4811-AC83-13024893A07C}.Debug|iPhone.Deploy.0 = Debug|Any CPU
		{900EE269-15C7-4811-AC83-13024893A07C}.Debug|iPhoneSimulator.ActiveCfg = Debug|Any CPU
		{900EE269-15C7-4811-AC83-13024893A07C}.Debug|iPhoneSimulator.Build.0 = Debug|Any CPU
		{900EE269-15C7-4811-AC83-13024893A07C}.Debug|iPhoneSimulator.Deploy.0 = Debug|Any CPU
		{900EE269-15C7-4811-AC83-13024893A07C}.Release|Any CPU.ActiveCfg = Release|Any CPU
		{900EE269-15C7-4811-AC83-13024893A07C}.Release|Any CPU.Build.0 = Release|Any CPU
		{900EE269-15C7-4811-AC83-13024893A07C}.Release|Any CPU.Deploy.0 = Release|Any CPU
		{900EE269-15C7-4811-AC83-13024893A07C}.Release|iPhone.ActiveCfg = Release|Any CPU
		{900EE269-15C7-4811-AC83-13024893A07C}.Release|iPhone.Build.0 = Release|Any CPU
		{900EE269-15C7-4811-AC83-13024893A07C}.Release|iPhone.Deploy.0 = Release|Any CPU
		{900EE269-15C7-4811-AC83-13024893A07C}.Release|iPhoneSimulator.ActiveCfg = Release|Any CPU
		{900EE269-15C7-4811-AC83-13024893A07C}.Release|iPhoneSimulator.Build.0 = Release|Any CPU
		{900EE269-15C7-4811-AC83-13024893A07C}.Release|iPhoneSimulator.Deploy.0 = Release|Any CPU
	EndGlobalSection
	GlobalSection(SolutionProperties) = preSolution
		HideSolutionNode = FALSE
	EndGlobalSection
	GlobalSection(ExtensibilityGlobals) = postSolution
		SolutionGuid = {F086F0F8-2B68-4D46-8228-321B1F01C68A}
	EndGlobalSection
EndGlobal
